
Microsoft Visual Studio Solution File, Format Version 12.00
# Visual Studio 15
VisualStudioVersion = 15.0.26730.12
MinimumVisualStudioVersion = 10.0.40219.1
Project("{FAE04EC0-301F-11D3-BF4B-00C04F79EFBC}") = "test", "test\test.csproj", "{4BC802F2-1126-4369-9620-93AF83AE1F7B}"
EndProject
Global
	GlobalSection(SolutionConfigurationPlatforms) = preSolution
		Debug|Any CPU = Debug|Any CPU
		Release|Any CPU = Release|Any CPU
	EndGlobalSection
	GlobalSection(ProjectConfigurationPlatforms) = postSolution
		{4BC802F2-1126-4369-9620-93AF83AE1F7B}.Debug|Any CPU.ActiveCfg = Debug|Any CPU
		{4BC802F2-1126-4369-9620-93AF83AE1F7B}.Debug|Any CPU.Build.0 = Debug|Any CPU
		{4BC802F2-1126-4369-9620-93AF83AE1F7B}.Release|Any CPU.ActiveCfg = Release|Any CPU
		{4BC802F2-1126-4369-9620-93AF83AE1F7B}.Release|Any CPU.Build.0 = Release|Any CPU
	EndGlobalSection
	GlobalSection(SolutionProperties) = preSolution
		HideSolutionNode = FALSE
	EndGlobalSection
	GlobalSection(ExtensibilityGlobals) = postSolution
		SolutionGuid = {88589E3E-09DE-4AEE-8ED8-2995661AA198}
	EndGlobalSection
EndGlobal
